github.com/OvyFlash/telegram-bot-api v0.0.0-20250511194450-d315c30d9c40 h1:5oc/17zzAT943MFhTDyjuT+pAdaNn0KT6YzGUNk5H/A=
github.com/OvyFlash/telegram-bot-api v0.0.0-20250511194450-d315c30d9c40/go.mod h1:2nRUdsKyWhvezqW/rBGWEQdcTQeTtnbSNd2dgx76WYA=
github.com/joho/godotenv v1.5.1 h1:7eLL/+HRGLY0ldzfGMeQkb7vMd0as4CfYvUVzLqw0N0=
github.com/joho/godotenv v1.5.1/go.mod h1:f4LDr5Voq0i2e/R5DDNOoa2zzDfwtkZa6DnEwAbqwq4=
